
Microsoft Visual Studio Solution File, Format Version 12.00
# Visual Studio Version 17
VisualStudioVersion = 17.13.35825.156 d17.13
MinimumVisualStudioVersion = 10.0.40219.1
Project("{FAE04EC0-301F-11D3-BF4B-00C04F79EFBC}") = "Operators", "Operators\Operators.csproj", "{84EBBC72-9665-4F44-9D22-9EF102BFCDFC}"
EndProject
Global
	GlobalSection(SolutionConfigurationPlatforms) = preSolution
		Debug|Any CPU = Debug|Any CPU
		Release|Any CPU = Release|Any CPU
	EndGlobalSection
	GlobalSection(ProjectConfigurationPlatforms) = postSolution
		{84EBBC72-9665-4F44-9D22-9EF102BFCDFC}.Debug|Any CPU.ActiveCfg = Debug|Any CPU
		{84EBBC72-9665-4F44-9D22-9EF102BFCDFC}.Debug|Any CPU.Build.0 = Debug|Any CPU
		{84EBBC72-9665-4F44-9D22-9EF102BFCDFC}.Release|Any CPU.ActiveCfg = Release|Any CPU
		{84EBBC72-9665-4F44-9D22-9EF102BFCDFC}.Release|Any CPU.Build.0 = Release|Any CPU
	EndGlobalSection
	GlobalSection(SolutionProperties) = preSolution
		HideSolutionNode = FALSE
	EndGlobalSection
	GlobalSection(ExtensibilityGlobals) = postSolution
		SolutionGuid = {3178AC3B-3F71-4080-8FCE-423E63EE8412}
	EndGlobalSection
EndGlobal
